
Microsoft Visual Studio Solution File, Format Version 12.00
# Visual Studio 15
VisualStudioVersion = 15.0.28307.106
MinimumVisualStudioVersion = 10.0.40219.1
Project("{9A19103F-16F7-4668-BE54-9A1E7A4F7556}") = "LoginApp", "LoginApp\LoginApp.csproj", "{77BA8329-E598-40AC-BCF7-E97F8520FC6A}"
EndProject
Project("{9A19103F-16F7-4668-BE54-9A1E7A4F7556}") = "LoginDomain", "LoginDomain\LoginDomain.csproj", "{605AB196-CF0B-414D-8F25-61EF1E70D2F6}"
EndProject
Project("{2150E333-8FDC-42A3-9474-1A3956D46DE8}") = "LoginAPI", "LoginAPI", "{09EA4F3D-8352-480A-AA1E-2CBB48C92BF9}"
EndProject
Global
	GlobalSection(SolutionConfigurationPlatforms) = preSolution
		Debug|Any CPU = Debug|Any CPU
		Debug|ARM = Debug|ARM
		Debug|ARM64 = Debug|ARM64
		Debug|x64 = Debug|x64
		Debug|x86 = Debug|x86
		Release|Any CPU = Release|Any CPU
		Release|ARM = Release|ARM
		Release|ARM64 = Release|ARM64
		Release|x64 = Release|x64
		Release|x86 = Release|x86
	EndGlobalSection
	GlobalSection(ProjectConfigurationPlatforms) = postSolution
		{77BA8329-E598-40AC-BCF7-E97F8520FC6A}.Debug|Any CPU.ActiveCfg = Debug|Any CPU
		{77BA8329-E598-40AC-BCF7-E97F8520FC6A}.Debug|Any CPU.Build.0 = Debug|Any CPU
		{77BA8329-E598-40AC-BCF7-E97F8520FC6A}.Debug|ARM.ActiveCfg = Debug|Any CPU
		{77BA8329-E598-40AC-BCF7-E97F8520FC6A}.Debug|ARM.Build.0 = Debug|Any CPU
		{77BA8329-E598-40AC-BCF7-E97F8520FC6A}.Debug|ARM64.ActiveCfg = Debug|Any CPU
		{77BA8329-E598-40AC-BCF7-E97F8520FC6A}.Debug|ARM64.Build.0 = Debug|Any CPU
		{77BA8329-E598-40AC-BCF7-E97F8520FC6A}.Debug|x64.ActiveCfg = Debug|Any CPU
		{77BA8329-E598-40AC-BCF7-E97F8520FC6A}.Debug|x64.Build.0 = Debug|Any CPU
		{77BA8329-E598-40AC-BCF7-E97F8520FC6A}.Debug|x86.ActiveCfg = Debug|Any CPU
		{77BA8329-E598-40AC-BCF7-E97F8520FC6A}.Debug|x86.Build.0 = Debug|Any CPU
		{77BA8329-E598-40AC-BCF7-E97F8520FC6A}.Release|Any CPU.ActiveCfg = Release|Any CPU
		{77BA8329-E598-40AC-BCF7-E97F8520FC6A}.Release|Any CPU.Build.0 = Release|Any CPU
		{77BA8329-E598-40AC-BCF7-E97F8520FC6A}.Release|ARM.ActiveCfg = Release|Any CPU
		{77BA8329-E598-40AC-BCF7-E97F8520FC6A}.Release|ARM.Build.0 = Release|Any CPU
		{77BA8329-E598-40AC-BCF7-E97F8520FC6A}.Release|ARM64.ActiveCfg = Release|Any CPU
		{77BA8329-E598-40AC-BCF7-E97F8520FC6A}.Release|ARM64.Build.0 = Release|Any CPU
		{77BA8329-E598-40AC-BCF7-E97F8520FC6A}.Release|x64.ActiveCfg = Release|Any CPU
		{77BA8329-E598-40AC-BCF7-E97F8520FC6A}.Release|x64.Build.0 = Release|Any CPU
		{77BA8329-E598-40AC-BCF7-E97F8520FC6A}.Release|x86.ActiveCfg = Release|Any CPU
		{77BA8329-E598-40AC-BCF7-E97F8520FC6A}.Release|x86.Build.0 = Release|Any CPU
		{605AB196-CF0B-414D-8F25-61EF1E70D2F6}.Debug|Any CPU.ActiveCfg = Debug|Any CPU
		{605AB196-CF0B-414D-8F25-61EF1E70D2F6}.Debug|Any CPU.Build.0 = Debug|Any CPU
		{605AB196-CF0B-414D-8F25-61EF1E70D2F6}.Debug|ARM.ActiveCfg = Debug|Any CPU
		{605AB196-CF0B-414D-8F25-61EF1E70D2F6}.Debug|ARM.Build.0 = Debug|Any CPU
		{605AB196-CF0B-414D-8F25-61EF1E70D2F6}.Debug|ARM64.ActiveCfg = Debug|Any CPU
		{605AB196-CF0B-414D-8F25-61EF1E70D2F6}.Debug|ARM64.Build.0 = Debug|Any CPU
		{605AB196-CF0B-414D-8F25-61EF1E70D2F6}.Debug|x64.ActiveCfg = Debug|Any CPU
		{605AB196-CF0B-414D-8F25-61EF1E70D2F6}.Debug|x64.Build.0 = Debug|Any CPU
		{605AB196-CF0B-414D-8F25-61EF1E70D2F6}.Debug|x86.ActiveCfg = Debug|Any CPU
		{605AB196-CF0B-414D-8F25-61EF1E70D2F6}.Debug|x86.Build.0 = Debug|Any CPU
		{605AB196-CF0B-414D-8F25-61EF1E70D2F6}.Release|Any CPU.ActiveCfg = Release|Any CPU
		{605AB196-CF0B-414D-8F25-61EF1E70D2F6}.Release|Any CPU.Build.0 = Release|Any CPU
		{605AB196-CF0B-414D-8F25-61EF1E70D2F6}.Release|ARM.ActiveCfg = Release|Any CPU
		{605AB196-CF0B-414D-8F25-61EF1E70D2F6}.Release|ARM.Build.0 = Release|Any CPU
		{605AB196-CF0B-414D-8F25-61EF1E70D2F6}.Release|ARM64.ActiveCfg = Release|Any CPU
		{605AB196-CF0B-414D-8F25-61EF1E70D2F6}.Release|ARM64.Build.0 = Release|Any CPU
		{605AB196-CF0B-414D-8F25-61EF1E70D2F6}.Release|x64.ActiveCfg = Release|Any CPU
		{605AB196-CF0B-414D-8F25-61EF1E70D2F6}.Release|x64.Build.0 = Release|Any CPU
		{605AB196-CF0B-414D-8F25-61EF1E70D2F6}.Release|x86.ActiveCfg = Release|Any CPU
		{605AB196-CF0B-414D-8F25-61EF1E70D2F6}.Release|x86.Build.0 = Release|Any CPU
	EndGlobalSection
	GlobalSection(SolutionProperties) = preSolution
		HideSolutionNode = FALSE
	EndGlobalSection
	GlobalSection(NestedProjects) = preSolution
		{77BA8329-E598-40AC-BCF7-E97F8520FC6A} = {09EA4F3D-8352-480A-AA1E-2CBB48C92BF9}
		{605AB196-CF0B-414D-8F25-61EF1E70D2F6} = {09EA4F3D-8352-480A-AA1E-2CBB48C92BF9}
	EndGlobalSection
	GlobalSection(ExtensibilityGlobals) = postSolution
		SolutionGuid = {8563F460-00A6-4658-8CAC-E3FDB8949BED}
	EndGlobalSection
EndGlobal
